packages:
  - package: calogica/dbt_expectations
    version: 0.10.3
  - package: dbt-labs/dbt_utils
    version: 1.1.1
  - package: dbt-labs/audit_helper
    version: 0.12.0
  - package: dbt-labs/codegen
    version: 0.12.1
  - package: AxelThevenot/dbt_assertions
    version: 1.2.0
  - package: elementary-data/elementary
    version: 0.16.2
  - package: calogica/dbt_date
    version: 0.10.1
sha1_hash: a766bd8036475280e3f87f212c8a013d40b3f0f7
