packages:
  - name: dbt_expectations
    package: calogica/dbt_expectations
    version: 0.10.3
  - name: dbt_utils
    package: dbt-labs/dbt_utils
    version: 1.1.1
  - name: audit_helper
    package: dbt-labs/audit_helper
    version: 0.12.0
  - name: codegen
    package: dbt-labs/codegen
    version: 0.12.1
  - name: dbt_assertions
    package: AxelThevenot/dbt_assertions
    version: 1.2.0
  - name: dbt_date
    package: calogica/dbt_date
    version: 0.10.1
sha1_hash: 9c1df689f264329b54debd49f537d15bd0a96c14
